{
  "name": "GestionProjet",
  "lockfileVersion": 3,
  "requires": true,
  "packages": {
    "": {
      "dependencies": {
        "dhtmlx-gantt": "^9.0.12"
      }
    },
    "node_modules/dhtmlx-gantt": {
      "version": "9.0.12",
      "resolved": "https://registry.npmjs.org/dhtmlx-gantt/-/dhtmlx-gantt-9.0.12.tgz",
      "integrity": "sha512-xqBpbh9ZziT24AvwjhFenqHKxgILeZZdgSkOCPZiXggSJlzohD360zyRl1yxH2kiX2OglsXtikIhwjcaEzjx3w=="
    }
  }
}
